Microsoft Visual Studio Solution File, Format Version 12.00
# Visual Studio Version 17
VisualStudioVersion = 17.8.0.0
MinimumVisualStudioVersion = 17.8.0.0
Project("{9A19103F-16F7-4668-BE54-9A1E7A4F7556}") = "Repro.AppHost", "Repro.AppHost\Repro.AppHost.csproj", "{37797692-B8B5-45FF-8603-7EAF9878D129}"
EndProject
Project("{9A19103F-16F7-4668-BE54-9A1E7A4F7556}") = "Repro.ServiceDefaults", "Repro.ServiceDefaults\Repro.ServiceDefaults.csproj", "{B8278473-5B8C-4107-A9BE-3D421055BC2C}"
EndProject
Project("{9A19103F-16F7-4668-BE54-9A1E7A4F7556}") = "Repro.ApiService", "Repro.ApiService\Repro.ApiService.csproj", "{941E434D-D86A-4FC5-AA7A-40D1792BF3EA}"
EndProject
Project("{9A19103F-16F7-4668-BE54-9A1E7A4F7556}") = "Repro.Web", "Repro.Web\Repro.Web.csproj", "{EC034B51-C1A2-4C25-B898-D3744A345C7E}"
EndProject
Global
	GlobalSection(SolutionConfigurationPlatforms) = preSolution
		Debug|Any CPU = Debug|Any CPU
		Release|Any CPU = Release|Any CPU
	EndGlobalSection
	GlobalSection(ProjectConfigurationPlatforms) = postSolution
		{37797692-B8B5-45FF-8603-7EAF9878D129}.Debug|Any CPU.ActiveCfg = Debug|Any CPU
		{37797692-B8B5-45FF-8603-7EAF9878D129}.Debug|Any CPU.Build.0 = Debug|Any CPU
		{37797692-B8B5-45FF-8603-7EAF9878D129}.Release|Any CPU.ActiveCfg = Release|Any CPU
		{37797692-B8B5-45FF-8603-7EAF9878D129}.Release|Any CPU.Build.0 = Release|Any CPU
		{B8278473-5B8C-4107-A9BE-3D421055BC2C}.Debug|Any CPU.ActiveCfg = Debug|Any CPU
		{B8278473-5B8C-4107-A9BE-3D421055BC2C}.Debug|Any CPU.Build.0 = Debug|Any CPU
		{B8278473-5B8C-4107-A9BE-3D421055BC2C}.Release|Any CPU.ActiveCfg = Release|Any CPU
		{B8278473-5B8C-4107-A9BE-3D421055BC2C}.Release|Any CPU.Build.0 = Release|Any CPU
		{941E434D-D86A-4FC5-AA7A-40D1792BF3EA}.Debug|Any CPU.ActiveCfg = Debug|Any CPU
		{941E434D-D86A-4FC5-AA7A-40D1792BF3EA}.Debug|Any CPU.Build.0 = Debug|Any CPU
		{941E434D-D86A-4FC5-AA7A-40D1792BF3EA}.Release|Any CPU.ActiveCfg = Release|Any CPU
		{941E434D-D86A-4FC5-AA7A-40D1792BF3EA}.Release|Any CPU.Build.0 = Release|Any CPU
		{EC034B51-C1A2-4C25-B898-D3744A345C7E}.Debug|Any CPU.ActiveCfg = Debug|Any CPU
		{EC034B51-C1A2-4C25-B898-D3744A345C7E}.Debug|Any CPU.Build.0 = Debug|Any CPU
		{EC034B51-C1A2-4C25-B898-D3744A345C7E}.Release|Any CPU.ActiveCfg = Release|Any CPU
		{EC034B51-C1A2-4C25-B898-D3744A345C7E}.Release|Any CPU.Build.0 = Release|Any CPU
	EndGlobalSection
	GlobalSection(SolutionProperties) = preSolution
		HideSolutionNode = FALSE
	EndGlobalSection
	GlobalSection(ExtensibilityGlobals) = postSolution
		SolutionGuid = {B4BFB4BD-871F-4BA5-B744-4ADB31375A31}
	EndGlobalSection
EndGlobal